
Microsoft Visual Studio Solution File, Format Version 12.00
# Visual Studio 15
VisualStudioVersion = 15.0.28307.421
MinimumVisualStudioVersion = 10.0.40219.1
Project("{A0786B88-2ADB-4C21-ABE8-AA2D79766269}") = "salon", "..\..\..\..\..\..\..\Users\Natalia\Source\Repos\nataliapariskova\salon\salon\salon\salon.phpproj", "{AA959226-70A3-44CD-8B3B-69C463DC7BC4}"
EndProject
Global
	GlobalSection(SolutionConfigurationPlatforms) = preSolution
		Debug|Any CPU = Debug|Any CPU
		Release|Any CPU = Release|Any CPU
	EndGlobalSection
	GlobalSection(ProjectConfigurationPlatforms) = postSolution
		{AA959226-70A3-44CD-8B3B-69C463DC7BC4}.Debug|Any CPU.ActiveCfg = Debug|Any CPU
		{AA959226-70A3-44CD-8B3B-69C463DC7BC4}.Release|Any CPU.ActiveCfg = Release|Any CPU
	EndGlobalSection
	GlobalSection(SolutionProperties) = preSolution
		HideSolutionNode = FALSE
	EndGlobalSection
	GlobalSection(ExtensibilityGlobals) = postSolution
		SolutionGuid = {5362AB3A-0914-4353-9DA7-598C7CD7BABE}
	EndGlobalSection
EndGlobal
